
Microsoft Visual Studio Solution File, Format Version 12.00
# Visual Studio Version 17
VisualStudioVersion = 17.11.35312.102
MinimumVisualStudioVersion = 10.0.40219.1
Project("{FAE04EC0-301F-11D3-BF4B-00C04F79EFBC}") = "GitAssignmentFLR", "GitAssignmentFLR.csproj", "{BF01495D-CE1F-4688-A2DD-B9B0D961CA2A}"
EndProject
Global
	GlobalSection(SolutionConfigurationPlatforms) = preSolution
		Debug|Any CPU = Debug|Any CPU
		Release|Any CPU = Release|Any CPU
	EndGlobalSection
	GlobalSection(ProjectConfigurationPlatforms) = postSolution
		{BF01495D-CE1F-4688-A2DD-B9B0D961CA2A}.Debug|Any CPU.ActiveCfg = Debug|Any CPU
		{BF01495D-CE1F-4688-A2DD-B9B0D961CA2A}.Debug|Any CPU.Build.0 = Debug|Any CPU
		{BF01495D-CE1F-4688-A2DD-B9B0D961CA2A}.Release|Any CPU.ActiveCfg = Release|Any CPU
		{BF01495D-CE1F-4688-A2DD-B9B0D961CA2A}.Release|Any CPU.Build.0 = Release|Any CPU
	EndGlobalSection
	GlobalSection(SolutionProperties) = preSolution
		HideSolutionNode = FALSE
	EndGlobalSection
	GlobalSection(ExtensibilityGlobals) = postSolution
		SolutionGuid = {D42C95CE-BD78-4359-9C32-7B56390B42F0}
	EndGlobalSection
EndGlobal
